
Microsoft Visual Studio Solution File, Format Version 12.00
# Visual Studio Version 17
VisualStudioVersion = 17.11.35222.181
MinimumVisualStudioVersion = 10.0.40219.1
Project("{FAE04EC0-301F-11D3-BF4B-00C04F79EFBC}") = "ParkeringsApp", "ParkeringsApp\ParkeringsApp.csproj", "{C6DAA29F-53FC-47DB-8D79-5F16F42778B2}"
EndProject
Global
	GlobalSection(SolutionConfigurationPlatforms) = preSolution
		Debug|Any CPU = Debug|Any CPU
		Release|Any CPU = Release|Any CPU
	EndGlobalSection
	GlobalSection(ProjectConfigurationPlatforms) = postSolution
		{C6DAA29F-53FC-47DB-8D79-5F16F42778B2}.Debug|Any CPU.ActiveCfg = Debug|Any CPU
		{C6DAA29F-53FC-47DB-8D79-5F16F42778B2}.Debug|Any CPU.Build.0 = Debug|Any CPU
		{C6DAA29F-53FC-47DB-8D79-5F16F42778B2}.Release|Any CPU.ActiveCfg = Release|Any CPU
		{C6DAA29F-53FC-47DB-8D79-5F16F42778B2}.Release|Any CPU.Build.0 = Release|Any CPU
	EndGlobalSection
	GlobalSection(SolutionProperties) = preSolution
		HideSolutionNode = FALSE
	EndGlobalSection
	GlobalSection(ExtensibilityGlobals) = postSolution
		SolutionGuid = {0656E0A5-331E-4C67-B394-C01F6CBCC591}
	EndGlobalSection
EndGlobal
